
Microsoft Visual Studio Solution File, Format Version 12.00
# Visual Studio Version 17
VisualStudioVersion = 17.4.33205.214
MinimumVisualStudioVersion = 10.0.40219.1
Project("{FAE04EC0-301F-11D3-BF4B-00C04F79EFBC}") = "E-Commerce", "E-Commerce.csproj", "{66B655E7-4B0C-4DAD-A1C4-0D6B4862358E}"
EndProject
Global
	GlobalSection(SolutionConfigurationPlatforms) = preSolution
		Debug|Any CPU = Debug|Any CPU
		Release|Any CPU = Release|Any CPU
	EndGlobalSection
	GlobalSection(ProjectConfigurationPlatforms) = postSolution
		{66B655E7-4B0C-4DAD-A1C4-0D6B4862358E}.Debug|Any CPU.ActiveCfg = Debug|Any CPU
		{66B655E7-4B0C-4DAD-A1C4-0D6B4862358E}.Debug|Any CPU.Build.0 = Debug|Any CPU
		{66B655E7-4B0C-4DAD-A1C4-0D6B4862358E}.Release|Any CPU.ActiveCfg = Release|Any CPU
		{66B655E7-4B0C-4DAD-A1C4-0D6B4862358E}.Release|Any CPU.Build.0 = Release|Any CPU
	EndGlobalSection
	GlobalSection(SolutionProperties) = preSolution
		HideSolutionNode = FALSE
	EndGlobalSection
	GlobalSection(ExtensibilityGlobals) = postSolution
		SolutionGuid = {AA2D6F6C-8E08-43DF-8F7A-D3ED07DC25FD}
	EndGlobalSection
EndGlobal
